// !$*UTF8*$!
{
	archiveVersion = 1;
	classes = {
	};
	objectVersion = 46;
	objects = {

/* Begin PBXBuildFile section */
		1DDD58160DA1D0A300B32029 /* MainMenu.xib in Resources */ = {isa = PBXBuildFile; fileRef = 1DDD58140DA1D0A300B32029 /* MainMenu.xib */; };
		256AC3DA0F4B6AC300CF3369 /* FrontRowTunesAppDelegate.m in Sources */ = {isa = PBXBuildFile; fileRef = 256AC3D90F4B6AC300CF3369 /* FrontRowTunesAppDelegate.m */; };
		8D11072B0486CEB800E47090 /* InfoPlist.strings in Resources */ = {isa = PBXBuildFile; fileRef = 089C165CFE840E0CC02AAC07 /* InfoPlist.strings */; };
		8D11072D0486CEB800E47090 /* main.m in Sources */ = {isa = PBXBuildFile; fileRef = 29B97316FDCFA39411CA2CEA /* main.m */; settings = {ATTRIBUTES = (); }; };
		8D11072F0486CEB800E47090 /* Cocoa.framework in Frameworks */ = {isa = PBXBuildFile; fileRef = 1058C7A1FEA54F0111CA2CBB /* Cocoa.framework */; };
		FA1930A31268BE4B0032A143 /* SongView.m in Sources */ = {isa = PBXBuildFile; fileRef = FA1930A21268BE4B0032A143 /* SongView.m */; };
		FA1930CD1268C4530032A143 /* MainWindow.m in Sources */ = {isa = PBXBuildFile; fileRef = FA1930CC1268C4530032A143 /* MainWindow.m */; };
		FA1931011268CA410032A143 /* SongLayer.m in Sources */ = {isa = PBXBuildFile; fileRef = FA1931001268CA410032A143 /* SongLayer.m */; };
		FA1931A61268D1B50032A143 /* CoverLayer.m in Sources */ = {isa = PBXBuildFile; fileRef = FA1931A51268D1B50032A143 /* CoverLayer.m */; };
		FA8A0C4B16FC7886008A6779 /* QuartzCore.framework in Frameworks */ = {isa = PBXBuildFile; fileRef = FA8A0C4A16FC7886008A6779 /* QuartzCore.framework */; };
		FA8A0C4D16FC78A7008A6779 /* ScriptingBridge.framework in Frameworks */ = {isa = PBXBuildFile; fileRef = FA8A0C4C16FC78A7008A6779 /* ScriptingBridge.framework */; };
		FA8A0C4F16FC78AE008A6779 /* IOKit.framework in Frameworks */ = {isa = PBXBuildFile; fileRef = FA8A0C4E16FC78AE008A6779 /* IOKit.framework */; };
		FA8E3A6C2804E2EA00449554 /* NSImage+averageColor.swift in Sources */ = {isa = PBXBuildFile; fileRef = FA8E3A6B2804E2EA00449554 /* NSImage+averageColor.swift */; };
		FABF53D116FE5EB0009AB8A7 /* FrontRowTunes.iconset in Resources */ = {isa = PBXBuildFile; fileRef = FABF53D016FE5EB0009AB8A7 /* FrontRowTunes.iconset */; };
		FAED62AB27FDA23E0007E965 /* iTunesLibrary.framework in Frameworks */ = {isa = PBXBuildFile; fileRef = FAED62AA27FDA23E0007E965 /* iTunesLibrary.framework */; };
		FAED62AF27FE1F740007E965 /* MusicBridge.swift in Sources */ = {isa = PBXBuildFile; fileRef = FAED62AE27FE1F740007E965 /* MusicBridge.swift */; };
		FAED62B427FEBE260007E965 /* MusicTrack.swift in Sources */ = {isa = PBXBuildFile; fileRef = FAED62B327FEBE260007E965 /* MusicTrack.swift */; };
		FAF1DD3B27FFF32800706C92 /* Assets.xcassets in Resources */ = {isa = PBXBuildFile; fileRef = FAF1DD3A27FFF32800706C92 /* Assets.xcassets */; };
		FAF1DD3E280001AB00706C92 /* LastEventTracker.swift in Sources */ = {isa = PBXBuildFile; fileRef = FAF1DD3D280001AB00706C92 /* LastEventTracker.swift */; };
/* End PBXBuildFile section */

/* Begin PBXFileReference section */
		089C165DFE840E0CC02AAC07 /* English */ = {isa = PBXFileReference; fileEncoding = 4; lastKnownFileType = text.plist.strings; name = English; path = English.lproj/InfoPlist.strings; sourceTree = "<group>"; };
		1058C7A1FEA54F0111CA2CBB /* Cocoa.framework */ = {isa = PBXFileReference; lastKnownFileType = wrapper.framework; name = Cocoa.framework; path = /System/Library/Frameworks/Cocoa.framework; sourceTree = "<absolute>"; };
		13E42FB307B3F0F600E4EEF1 /* CoreData.framework */ = {isa = PBXFileReference; lastKnownFileType = wrapper.framework; name = CoreData.framework; path = /System/Library/Frameworks/CoreData.framework; sourceTree = "<absolute>"; };
		1DDD58150DA1D0A300B32029 /* English */ = {isa = PBXFileReference; lastKnownFileType = file.xib; name = English; path = English.lproj/MainMenu.xib; sourceTree = "<group>"; };
		256AC3D80F4B6AC300CF3369 /* FrontRowTunesAppDelegate.h */ = {isa = PBXFileReference; fileEncoding = 4; lastKnownFileType = sourcecode.c.h; path = FrontRowTunesAppDelegate.h; sourceTree = "<group>"; };
		256AC3D90F4B6AC300CF3369 /* FrontRowTunesAppDelegate.m */ = {isa = PBXFileReference; fileEncoding = 4; lastKnownFileType = sourcecode.c.objc; path = FrontRowTunesAppDelegate.m; sourceTree = "<group>"; };
		256AC3F00F4B6AF500CF3369 /* FrontRowTunes_Prefix.pch */ = {isa = PBXFileReference; fileEncoding = 4; lastKnownFileType = sourcecode.c.h; path = FrontRowTunes_Prefix.pch; sourceTree = "<group>"; };
		29B97316FDCFA39411CA2CEA /* main.m */ = {isa = PBXFileReference; fileEncoding = 4; lastKnownFileType = sourcecode.c.objc; path = main.m; sourceTree = "<group>"; };
		29B97324FDCFA39411CA2CEA /* AppKit.framework */ = {isa = PBXFileReference; lastKnownFileType = wrapper.framework; name = AppKit.framework; path = /System/Library/Frameworks/AppKit.framework; sourceTree = "<absolute>"; };
		29B97325FDCFA39411CA2CEA /* Foundation.framework */ = {isa = PBXFileReference; lastKnownFileType = wrapper.framework; name = Foundation.framework; path = /System/Library/Frameworks/Foundation.framework; sourceTree = "<absolute>"; };
		8D1107310486CEB800E47090 /* FrontRowTunes-Info.plist */ = {isa = PBXFileReference; fileEncoding = 4; lastKnownFileType = text.plist.xml; path = "FrontRowTunes-Info.plist"; sourceTree = "<group>"; };
		8D1107320486CEB800E47090 /* FrontRowTunes.app */ = {isa = PBXFileReference; explicitFileType = wrapper.application; includeInIndex = 0; path = FrontRowTunes.app; sourceTree = BUILT_PRODUCTS_DIR; };
		FA1930A11268BE4B0032A143 /* SongView.h */ = {isa = PBXFileReference; fileEncoding = 4; lastKnownFileType = sourcecode.c.h; path = SongView.h; sourceTree = "<group>"; };
		FA1930A21268BE4B0032A143 /* SongView.m */ = {isa = PBXFileReference; fileEncoding = 4; lastKnownFileType = sourcecode.c.objc; path = SongView.m; sourceTree = "<group>"; };
		FA1930CB1268C4530032A143 /* MainWindow.h */ = {isa = PBXFileReference; fileEncoding = 4; lastKnownFileType = sourcecode.c.h; path = MainWindow.h; sourceTree = "<group>"; };
		FA1930CC1268C4530032A143 /* MainWindow.m */ = {isa = PBXFileReference; fileEncoding = 4; lastKnownFileType = sourcecode.c.objc; path = MainWindow.m; sourceTree = "<group>"; };
		FA1930FF1268CA410032A143 /* SongLayer.h */ = {isa = PBXFileReference; fileEncoding = 4; lastKnownFileType = sourcecode.c.h; path = SongLayer.h; sourceTree = "<group>"; };
		FA1931001268CA410032A143 /* SongLayer.m */ = {isa = PBXFileReference; fileEncoding = 4; lastKnownFileType = sourcecode.c.objc; path = SongLayer.m; sourceTree = "<group>"; };
		FA1931A41268D1B50032A143 /* CoverLayer.h */ = {isa = PBXFileReference; fileEncoding = 4; lastKnownFileType = sourcecode.c.h; path = CoverLayer.h; sourceTree = "<group>"; };
		FA1931A51268D1B50032A143 /* CoverLayer.m */ = {isa = PBXFileReference; fileEncoding = 4; lastKnownFileType = sourcecode.c.objc; path = CoverLayer.m; sourceTree = "<group>"; };
		FA8A0C4A16FC7886008A6779 /* QuartzCore.framework */ = {isa = PBXFileReference; lastKnownFileType = wrapper.framework; name = QuartzCore.framework; path = /System/Library/Frameworks/QuartzCore.framework; sourceTree = "<absolute>"; };
		FA8A0C4C16FC78A7008A6779 /* ScriptingBridge.framework */ = {isa = PBXFileReference; lastKnownFileType = wrapper.framework; name = ScriptingBridge.framework; path = /System/Library/Frameworks/ScriptingBridge.framework; sourceTree = "<absolute>"; };
		FA8A0C4E16FC78AE008A6779 /* IOKit.framework */ = {isa = PBXFileReference; lastKnownFileType = wrapper.framework; name = IOKit.framework; path = /System/Library/Frameworks/IOKit.framework; sourceTree = "<absolute>"; };
		FA8E3A6B2804E2EA00449554 /* NSImage+averageColor.swift */ = {isa = PBXFileReference; lastKnownFileType = sourcecode.swift; path = "NSImage+averageColor.swift"; sourceTree = "<group>"; };
		FABF53D016FE5EB0009AB8A7 /* FrontRowTunes.iconset */ = {isa = PBXFileReference; lastKnownFileType = folder.iconset; path = FrontRowTunes.iconset; sourceTree = "<group>"; };
		FAED62AA27FDA23E0007E965 /* iTunesLibrary.framework */ = {isa = PBXFileReference; lastKnownFileType = wrapper.framework; name = iTunesLibrary.framework; path = System/Library/Frameworks/iTunesLibrary.framework; sourceTree = SDKROOT; };
		FAED62AD27FE1F730007E965 /* FrontRowTunes-Bridging-Header.h */ = {isa = PBXFileReference; lastKnownFileType = sourcecode.c.h; path = "FrontRowTunes-Bridging-Header.h"; sourceTree = "<group>"; };
		FAED62AE27FE1F740007E965 /* MusicBridge.swift */ = {isa = PBXFileReference; lastKnownFileType = sourcecode.swift; path = MusicBridge.swift; sourceTree = "<group>"; };
		FAED62B327FEBE260007E965 /* MusicTrack.swift */ = {isa = PBXFileReference; lastKnownFileType = sourcecode.swift; path = MusicTrack.swift; sourceTree = "<group>"; };
		FAF1DD3A27FFF32800706C92 /* Assets.xcassets */ = {isa = PBXFileReference; lastKnownFileType = folder.assetcatalog; path = Assets.xcassets; sourceTree = "<group>"; };
		FAF1DD3D280001AB00706C92 /* LastEventTracker.swift */ = {isa = PBXFileReference; lastKnownFileType = sourcecode.swift; path = LastEventTracker.swift; sourceTree = "<group>"; };
/* End PBXFileReference section */

/* Begin PBXFrameworksBuildPhase section */
		8D11072E0486CEB800E47090 /* Frameworks */ = {
			isa = PBXFrameworksBuildPhase;
			buildActionMask = 2147483647;
			files = (
				8D11072F0486CEB800E47090 /* Cocoa.framework in Frameworks */,
				FAED62AB27FDA23E0007E965 /* iTunesLibrary.framework in Frameworks */,
				FA8A0C4B16FC7886008A6779 /* QuartzCore.framework in Frameworks */,
				FA8A0C4D16FC78A7008A6779 /* ScriptingBridge.framework in Frameworks */,
				FA8A0C4F16FC78AE008A6779 /* IOKit.framework in Frameworks */,
			);
			runOnlyForDeploymentPostprocessing = 0;
		};
/* End PBXFrameworksBuildPhase section */

/* Begin PBXGroup section */
		080E96DDFE201D6D7F000001 /* Classes */ = {
			isa = PBXGroup;
			children = (
				FA1930CB1268C4530032A143 /* MainWindow.h */,
				FA1930CC1268C4530032A143 /* MainWindow.m */,
				256AC3D80F4B6AC300CF3369 /* FrontRowTunesAppDelegate.h */,
				256AC3D90F4B6AC300CF3369 /* FrontRowTunesAppDelegate.m */,
				FA1930A11268BE4B0032A143 /* SongView.h */,
				FA1930A21268BE4B0032A143 /* SongView.m */,
			);
			name = Classes;
			sourceTree = "<group>";
		};
		1058C7A0FEA54F0111CA2CBB /* Linked Frameworks */ = {
			isa = PBXGroup;
			children = (
				FA8A0C4E16FC78AE008A6779 /* IOKit.framework */,
				FA8A0C4C16FC78A7008A6779 /* ScriptingBridge.framework */,
				FA8A0C4A16FC7886008A6779 /* QuartzCore.framework */,
				1058C7A1FEA54F0111CA2CBB /* Cocoa.framework */,
			);
			name = "Linked Frameworks";
			sourceTree = "<group>";
		};
		1058C7A2FEA54F0111CA2CBB /* Other Frameworks */ = {
			isa = PBXGroup;
			children = (
				29B97324FDCFA39411CA2CEA /* AppKit.framework */,
				13E42FB307B3F0F600E4EEF1 /* CoreData.framework */,
				29B97325FDCFA39411CA2CEA /* Foundation.framework */,
			);
			name = "Other Frameworks";
			sourceTree = "<group>";
		};
		19C28FACFE9D520D11CA2CBB /* Products */ = {
			isa = PBXGroup;
			children = (
				8D1107320486CEB800E47090 /* FrontRowTunes.app */,
			);
			name = Products;
			sourceTree = "<group>";
		};
		29B97314FDCFA39411CA2CEA /* FrontRowTunes */ = {
			isa = PBXGroup;
			children = (
				FAF1DD3C2800019700706C92 /* Helpers */,
				FAED62AC27FE1F550007E965 /* MusicBridge */,
				FA1930FE1268CA2A0032A143 /* Layers */,
				080E96DDFE201D6D7F000001 /* Classes */,
				29B97315FDCFA39411CA2CEA /* Other Sources */,
				29B97317FDCFA39411CA2CEA /* Resources */,
				29B97323FDCFA39411CA2CEA /* Frameworks */,
				19C28FACFE9D520D11CA2CBB /* Products */,
			);
			name = FrontRowTunes;
			sourceTree = "<group>";
		};
		29B97315FDCFA39411CA2CEA /* Other Sources */ = {
			isa = PBXGroup;
			children = (
				256AC3F00F4B6AF500CF3369 /* FrontRowTunes_Prefix.pch */,
				29B97316FDCFA39411CA2CEA /* main.m */,
			);
			name = "Other Sources";
			sourceTree = "<group>";
		};
		29B97317FDCFA39411CA2CEA /* Resources */ = {
			isa = PBXGroup;
			children = (
				FAF1DD3A27FFF32800706C92 /* Assets.xcassets */,
				FABF53D016FE5EB0009AB8A7 /* FrontRowTunes.iconset */,
				8D1107310486CEB800E47090 /* FrontRowTunes-Info.plist */,
				089C165CFE840E0CC02AAC07 /* InfoPlist.strings */,
				1DDD58140DA1D0A300B32029 /* MainMenu.xib */,
			);
			name = Resources;
			sourceTree = "<group>";
		};
		29B97323FDCFA39411CA2CEA /* Frameworks */ = {
			isa = PBXGroup;
			children = (
				FAED62AA27FDA23E0007E965 /* iTunesLibrary.framework */,
				1058C7A0FEA54F0111CA2CBB /* Linked Frameworks */,
				1058C7A2FEA54F0111CA2CBB /* Other Frameworks */,
			);
			name = Frameworks;
			sourceTree = "<group>";
		};
		FA1930FE1268CA2A0032A143 /* Layers */ = {
			isa = PBXGroup;
			children = (
				FA1930FF1268CA410032A143 /* SongLayer.h */,
				FA1931001268CA410032A143 /* SongLayer.m */,
				FA1931A41268D1B50032A143 /* CoverLayer.h */,
				FA1931A51268D1B50032A143 /* CoverLayer.m */,
			);
			name = Layers;
			sourceTree = "<group>";
		};
		FAED62AC27FE1F550007E965 /* MusicBridge */ = {
			isa = PBXGroup;
			children = (
				FAED62AE27FE1F740007E965 /* MusicBridge.swift */,
				FAED62AD27FE1F730007E965 /* FrontRowTunes-Bridging-Header.h */,
				FAED62B327FEBE260007E965 /* MusicTrack.swift */,
			);
			path = MusicBridge;
			sourceTree = "<group>";
		};
		FAF1DD3C2800019700706C92 /* Helpers */ = {
			isa = PBXGroup;
			children = (
				FAF1DD3D280001AB00706C92 /* LastEventTracker.swift */,
				FA8E3A6B2804E2EA00449554 /* NSImage+averageColor.swift */,
			);
			path = Helpers;
			sourceTree = "<group>";
		};
/* End PBXGroup section */

/* Begin PBXNativeTarget section */
		8D1107260486CEB800E47090 /* FrontRowTunes */ = {
			isa = PBXNativeTarget;
			buildConfigurationList = C01FCF4A08A954540054247B /* Build configuration list for PBXNativeTarget "FrontRowTunes" */;
			buildPhases = (
				8D1107290486CEB800E47090 /* Resources */,
				8D11072C0486CEB800E47090 /* Sources */,
				8D11072E0486CEB800E47090 /* Frameworks */,
			);
			buildRules = (
			);
			dependencies = (
			);
			name = FrontRowTunes;
			productInstallPath = "$(HOME)/Applications";
			productName = FrontRowTunes;
			productReference = 8D1107320486CEB800E47090 /* FrontRowTunes.app */;
			productType = "com.apple.product-type.application";
		};
/* End PBXNativeTarget section */

/* Begin PBXProject section */
		29B97313FDCFA39411CA2CEA /* Project object */ = {
			isa = PBXProject;
			attributes = {
				LastUpgradeCheck = 0460;
				TargetAttributes = {
					8D1107260486CEB800E47090 = {
						LastSwiftMigration = 1320;
					};
				};
			};
			buildConfigurationList = C01FCF4E08A954540054247B /* Build configuration list for PBXProject "FrontRowTunes" */;
			compatibilityVersion = "Xcode 3.2";
			developmentRegion = English;
			hasScannedForEncodings = 1;
			knownRegions = (
				English,
				en,
			);
			mainGroup = 29B97314FDCFA39411CA2CEA /* FrontRowTunes */;
			projectDirPath = "";
			projectRoot = "";
			targets = (
				8D1107260486CEB800E47090 /* FrontRowTunes */,
			);
		};
/* End PBXProject section */

/* Begin PBXResourcesBuildPhase section */
		8D1107290486CEB800E47090 /* Resources */ = {
			isa = PBXResourcesBuildPhase;
			buildActionMask = 2147483647;
			files = (
				8D11072B0486CEB800E47090 /* InfoPlist.strings in Resources */,
				1DDD58160DA1D0A300B32029 /* MainMenu.xib in Resources */,
				FABF53D116FE5EB0009AB8A7 /* FrontRowTunes.iconset in Resources */,
				FAF1DD3B27FFF32800706C92 /* Assets.xcassets in Resources */,
			);
			runOnlyForDeploymentPostprocessing = 0;
		};
/* End PBXResourcesBuildPhase section */

/* Begin PBXSourcesBuildPhase section */
		8D11072C0486CEB800E47090 /* Sources */ = {
			isa = PBXSourcesBuildPhase;
			buildActionMask = 2147483647;
			files = (
				8D11072D0486CEB800E47090 /* main.m in Sources */,
				256AC3DA0F4B6AC300CF3369 /* FrontRowTunesAppDelegate.m in Sources */,
				FA1930A31268BE4B0032A143 /* SongView.m in Sources */,
				FA1930CD1268C4530032A143 /* MainWindow.m in Sources */,
				FAF1DD3E280001AB00706C92 /* LastEventTracker.swift in Sources */,
				FA1931011268CA410032A143 /* SongLayer.m in Sources */,
				FA1931A61268D1B50032A143 /* CoverLayer.m in Sources */,
				FAED62AF27FE1F740007E965 /* MusicBridge.swift in Sources */,
				FA8E3A6C2804E2EA00449554 /* NSImage+averageColor.swift in Sources */,
				FAED62B427FEBE260007E965 /* MusicTrack.swift in Sources */,
			);
			runOnlyForDeploymentPostprocessing = 0;
		};
/* End PBXSourcesBuildPhase section */

/* Begin PBXVariantGroup section */
		089C165CFE840E0CC02AAC07 /* InfoPlist.strings */ = {
			isa = PBXVariantGroup;
			children = (
				089C165DFE840E0CC02AAC07 /* English */,
			);
			name = InfoPlist.strings;
			sourceTree = "<group>";
		};
		1DDD58140DA1D0A300B32029 /* MainMenu.xib */ = {
			isa = PBXVariantGroup;
			children = (
				1DDD58150DA1D0A300B32029 /* English */,
			);
			name = MainMenu.xib;
			sourceTree = "<group>";
		};
/* End PBXVariantGroup section */

/* Begin XCBuildConfiguration section */
		C01FCF4B08A954540054247B /* Debug */ = {
			isa = XCBuildConfiguration;
			buildSettings = {
				ALWAYS_SEARCH_USER_PATHS = NO;
				ARCHS = "$(ARCHS_STANDARD_64_BIT)";
				CLANG_ENABLE_MODULES = YES;
				CLANG_ENABLE_OBJC_ARC = YES;
				COMBINE_HIDPI_IMAGES = YES;
				COPY_PHASE_STRIP = NO;
				GCC_DYNAMIC_NO_PIC = NO;
				GCC_MODEL_TUNING = G5;
				GCC_OPTIMIZATION_LEVEL = 0;
				GCC_PRECOMPILE_PREFIX_HEADER = YES;
				GCC_PREFIX_HEADER = FrontRowTunes_Prefix.pch;
				INFOPLIST_FILE = "FrontRowTunes-Info.plist";
				INSTALL_PATH = "$(HOME)/Applications";
				LD_RUNPATH_SEARCH_PATHS = "$(inherited) @executable_path/../Frameworks";
				MACOSX_DEPLOYMENT_TARGET = 10.15;
				MARKETING_VERSION = 0.2.3;
				PRODUCT_NAME = FrontRowTunes;
				SDKROOT = macosx;
				SWIFT_OBJC_BRIDGING_HEADER = "MusicBridge/FrontRowTunes-Bridging-Header.h";
				SWIFT_OPTIMIZATION_LEVEL = "-Onone";
				SWIFT_VERSION = 5.0;
			};
			name = Debug;
		};
		C01FCF4C08A954540054247B /* Release */ = {
			isa = XCBuildConfiguration;
			buildSettings = {
				ALWAYS_SEARCH_USER_PATHS = NO;
				ARCHS = "$(ARCHS_STANDARD_64_BIT)";
				CLANG_ENABLE_MODULES = YES;
				CLANG_ENABLE_OBJC_ARC = YES;
				COMBINE_HIDPI_IMAGES = YES;
				DEBUG_INFORMATION_FORMAT = "dwarf-with-dsym";
				GCC_MODEL_TUNING = G5;
				GCC_PRECOMPILE_PREFIX_HEADER = YES;
				GCC_PREFIX_HEADER = FrontRowTunes_Prefix.pch;
				INFOPLIST_FILE = "FrontRowTunes-Info.plist";
				INSTALL_PATH = "$(HOME)/Applications";
				LD_RUNPATH_SEARCH_PATHS = "$(inherited) @executable_path/../Frameworks";
				MACOSX_DEPLOYMENT_TARGET = 10.15;
				MARKETING_VERSION = 0.2.3;
				PRODUCT_NAME = FrontRowTunes;
				SDKROOT = macosx;
				SWIFT_OBJC_BRIDGING_HEADER = "MusicBridge/FrontRowTunes-Bridging-Header.h";
				SWIFT_VERSION = 5.0;
			};
			name = Release;
		};
		C01FCF4F08A954540054247B /* Debug */ = {
			isa = XCBuildConfiguration;
			buildSettings = {
				ARCHS = "$(ARCHS_STANDARD_32_64_BIT)";
				GCC_C_LANGUAGE_STANDARD = gnu99;
				GCC_OPTIMIZATION_LEVEL = 0;
				GCC_WARN_ABOUT_RETURN_TYPE = YES;
				GCC_WARN_UNUSED_VARIABLE = YES;
				ONLY_ACTIVE_ARCH = YES;
				SDKROOT = macosx;
			};
			name = Debug;
		};
		C01FCF5008A954540054247B /* Release */ = {
			isa = XCBuildConfiguration;
			buildSettings = {
				ARCHS = "$(ARCHS_STANDARD_32_64_BIT)";
				GCC_C_LANGUAGE_STANDARD = gnu99;
				GCC_WARN_ABOUT_RETURN_TYPE = YES;
				GCC_WARN_UNUSED_VARIABLE = YES;
				SDKROOT = macosx;
			};
			name = Release;
		};
/* End XCBuildConfiguration section */

/* Begin XCConfigurationList section */
		C01FCF4A08A954540054247B /* Build configuration list for PBXNativeTarget "FrontRowTunes" */ = {
			isa = XCConfigurationList;
			buildConfigurations = (
				C01FCF4B08A954540054247B /* Debug */,
				C01FCF4C08A954540054247B /* Release */,
			);
			defaultConfigurationIsVisible = 0;
			defaultConfigurationName = Release;
		};
		C01FCF4E08A954540054247B /* Build configuration list for PBXProject "FrontRowTunes" */ = {
			isa = XCConfigurationList;
			buildConfigurations = (
				C01FCF4F08A954540054247B /* Debug */,
				C01FCF5008A954540054247B /* Release */,
			);
			defaultConfigurationIsVisible = 0;
			defaultConfigurationName = Release;
		};
/* End XCConfigurationList section */
	};
	rootObject = 29B97313FDCFA39411CA2CEA /* Project object */;
}
